
Microsoft Visual Studio Solution File, Format Version 12.00
# Visual Studio Version 16
VisualStudioVersion = 16.0.32106.194
MinimumVisualStudioVersion = 10.0.40219.1
Project("{9A19103F-16F7-4668-BE54-9A1E7A4F7556}") = "ExercicioSequencial", "Teste1-7Comm\ExercicioSequencial.csproj", "{25A05632-20A0-4286-9CA4-D38ED32705D5}"
EndProject
Global
	GlobalSection(SolutionConfigurationPlatforms) = preSolution
		Debug|Any CPU = Debug|Any CPU
		Release|Any CPU = Release|Any CPU
	EndGlobalSection
	GlobalSection(ProjectConfigurationPlatforms) = postSolution
		{25A05632-20A0-4286-9CA4-D38ED32705D5}.Debug|Any CPU.ActiveCfg = Debug|Any CPU
		{25A05632-20A0-4286-9CA4-D38ED32705D5}.Debug|Any CPU.Build.0 = Debug|Any CPU
		{25A05632-20A0-4286-9CA4-D38ED32705D5}.Release|Any CPU.ActiveCfg = Release|Any CPU
		{25A05632-20A0-4286-9CA4-D38ED32705D5}.Release|Any CPU.Build.0 = Release|Any CPU
	EndGlobalSection
	GlobalSection(SolutionProperties) = preSolution
		HideSolutionNode = FALSE
	EndGlobalSection
	GlobalSection(ExtensibilityGlobals) = postSolution
		SolutionGuid = {CC99DDCD-78F5-42D3-A14C-A664DC377088}
	EndGlobalSection
EndGlobal
